{
  "nodes": {
    "chariot": {
      "inputs": {
        "flake-utils": "flake-utils",
        "nixpkgs": [
          "nixpkgs"
        ]
      },
      "locked": {
        "lastModified": 1747677839,
        "narHash": "sha256-VFy2/MBR6i2NXGG7xsGvOSqbRBXiIX+JPH1dvg8WLKI=",
        "owner": "elysium-os",
        "repo": "chariot",
        "rev": "4e0c554c6f36af22f19f7a8048b3bcab7030c3a7",
        "type": "github"
      },
      "original": {
        "owner": "elysium-os",
        "repo": "chariot",
        "type": "github"
      }
    },
    "crane": {
      "locked": {
        "lastModified": 1742394900,
        "narHash": "sha256-vVOAp9ahvnU+fQoKd4SEXB2JG2wbENkpqcwlkIXgUC0=",
        "owner": "ipetkov",
        "repo": "crane",
        "rev": "70947c1908108c0c551ddfd73d4f750ff2ea67cd",
        "type": "github"
      },
      "original": {
        "owner": "ipetkov",
        "repo": "crane",
        "type": "github"
      }
    },
    "flake-compat": {
      "locked": {
        "lastModified": 1733328505,
        "narHash": "sha256-NeCCThCEP3eCl2l/+27kNNK7QrwZB1IJCrXfrbv5oqU=",
        "owner": "edolstra",
        "repo": "flake-compat",
        "rev": "ff81ac966bb2cae68946d5ed5fc4994f96d0ffec",
        "type": "github"
      },
      "original": {
        "owner": "edolstra",
        "repo": "flake-compat",
        "type": "github"
      }
    },
    "flake-utils": {
      "inputs": {
        "systems": "systems"
      },
      "locked": {
        "lastModified": 1731533236,
        "narHash": "sha256-l0KFg5HjrsfsO/JpG+r7fRrqm12kzFHyUHqHCVpMMbI=",
        "owner": "numtide",
        "repo": "flake-utils",
        "rev": "11707dc2f618dd54ca8739b309ec4fc024de578b",
        "type": "github"
      },
      "original": {
        "owner": "numtide",
        "repo": "flake-utils",
        "type": "github"
      }
    },
    "flake-utils_2": {
      "inputs": {
        "systems": "systems_2"
      },
      "locked": {
        "lastModified": 1731533236,
        "narHash": "sha256-l0KFg5HjrsfsO/JpG+r7fRrqm12kzFHyUHqHCVpMMbI=",
        "owner": "numtide",
        "repo": "flake-utils",
        "rev": "11707dc2f618dd54ca8739b309ec4fc024de578b",
        "type": "github"
      },
      "original": {
        "owner": "numtide",
        "repo": "flake-utils",
        "type": "github"
      }
    },
    "nixpkgs": {
      "locked": {
        "lastModified": 1747825515,
        "narHash": "sha256-BWpMQymVI73QoKZdcVCxUCCK3GNvr/xa2Dc4DM1o2BE=",
        "owner": "NixOS",
        "repo": "nixpkgs",
        "rev": "cd2812de55cf87df88a9e09bf3be1ce63d50c1a6",
        "type": "github"
      },
      "original": {
        "owner": "NixOS",
        "ref": "nixos-25.05",
        "repo": "nixpkgs",
        "type": "github"
      }
    },
    "nixpkgs_2": {
      "locked": {
        "lastModified": 315532800,
        "narHash": "sha256-kgy4FnRFGj62QO3kI6a6glFl8XUtKMylWGybnVCvycM=",
        "rev": "b3582c75c7f21ce0b429898980eddbbf05c68e55",
        "type": "tarball",
        "url": "https://releases.nixos.org/nixpkgs/nixpkgs-25.05pre796313.b3582c75c7f2/nixexprs.tar.xz?rev=b3582c75c7f21ce0b429898980eddbbf05c68e55"
      },
      "original": {
        "type": "tarball",
        "url": "https://channels.nixos.org/nixpkgs-unstable/nixexprs.tar.xz"
      }
    },
    "root": {
      "inputs": {
        "chariot": "chariot",
        "flake-utils": "flake-utils_2",
        "nixpkgs": "nixpkgs",
        "zed": "zed"
      }
    },
    "rust-overlay": {
      "inputs": {
        "nixpkgs": [
          "zed",
          "nixpkgs"
        ]
      },
      "locked": {
        "lastModified": 1747363019,
        "narHash": "sha256-N4dwkRBmpOosa4gfFkFf/LTD8oOcNkAyvZ07JvRDEf0=",
        "owner": "oxalica",
        "repo": "rust-overlay",
        "rev": "0e624f2b1972a34be1a9b35290ed18ea4b419b6f",
        "type": "github"
      },
      "original": {
        "owner": "oxalica",
        "repo": "rust-overlay",
        "type": "github"
      }
    },
    "systems": {
      "locked": {
        "lastModified": 1681028828,
        "narHash": "sha256-Vy1rq5AaRuLzOxct8nz4T6wlgyUR7zLU309k9mBC768=",
        "owner": "nix-systems",
        "repo": "default",
        "rev": "da67096a3b9bf56a91d16901293e51ba5b49a27e",
        "type": "github"
      },
      "original": {
        "owner": "nix-systems",
        "repo": "default",
        "type": "github"
      }
    },
    "systems_2": {
      "locked": {
        "lastModified": 1681028828,
        "narHash": "sha256-Vy1rq5AaRuLzOxct8nz4T6wlgyUR7zLU309k9mBC768=",
        "owner": "nix-systems",
        "repo": "default",
        "rev": "da67096a3b9bf56a91d16901293e51ba5b49a27e",
        "type": "github"
      },
      "original": {
        "owner": "nix-systems",
        "repo": "default",
        "type": "github"
      }
    },
    "zed": {
      "inputs": {
        "crane": "crane",
        "flake-compat": "flake-compat",
        "nixpkgs": "nixpkgs_2",
        "rust-overlay": "rust-overlay"
      },
      "locked": {
        "lastModified": 1747913107,
        "narHash": "sha256-2DvH7KtdlyhxpD6NRREOvYYLFnl0OskHsqyQ7lBSn+Q=",
        "owner": "zed-industries",
        "repo": "zed",
        "rev": "80a00cd24152b04cfc0205ccd9456da9c00da67d",
        "type": "github"
      },
      "original": {
        "owner": "zed-industries",
        "ref": "main",
        "repo": "zed",
        "type": "github"
      }
    }
  },
  "root": "root",
  "version": 7
}
